
Microsoft Visual Studio Solution File, Format Version 12.00
# Visual Studio Version 16
VisualStudioVersion = 16.0.31402.337
MinimumVisualStudioVersion = 10.0.40219.1
Project("{FAE04EC0-301F-11D3-BF4B-00C04F79EFBC}") = "Exercise1", "Exercise1\Exercise1.csproj", "{426B2B70-21CE-4AF5-9206-27380D0AFF16}"
EndProject
Project("{FAE04EC0-301F-11D3-BF4B-00C04F79EFBC}") = "Exercise2", "Exercise2\Exercise2.csproj", "{B1999B0C-9A65-4105-A3E3-A4DE641C0FD1}"
EndProject
Project("{FAE04EC0-301F-11D3-BF4B-00C04F79EFBC}") = "Exercise3", "Exercise3\Exercise3.csproj", "{89D201BF-919B-4329-9397-8C7EA9B29ADF}"
EndProject
Project("{FAE04EC0-301F-11D3-BF4B-00C04F79EFBC}") = "Exercise4", "Exercise4\Exercise4.csproj", "{3FCE5AE8-AB2E-4C4A-B1C8-072DC4375364}"
EndProject
Project("{FAE04EC0-301F-11D3-BF4B-00C04F79EFBC}") = "Exercise5", "Exercise5\Exercise5.csproj", "{ABEAE7B8-A4EE-453D-A6EB-BF9C54867355}"
EndProject
Global
	GlobalSection(SolutionConfigurationPlatforms) = preSolution
		Debug|Any CPU = Debug|Any CPU
		Release|Any CPU = Release|Any CPU
	EndGlobalSection
	GlobalSection(ProjectConfigurationPlatforms) = postSolution
		{426B2B70-21CE-4AF5-9206-27380D0AFF16}.Debug|Any CPU.ActiveCfg = Debug|Any CPU
		{426B2B70-21CE-4AF5-9206-27380D0AFF16}.Debug|Any CPU.Build.0 = Debug|Any CPU
		{426B2B70-21CE-4AF5-9206-27380D0AFF16}.Release|Any CPU.ActiveCfg = Release|Any CPU
		{426B2B70-21CE-4AF5-9206-27380D0AFF16}.Release|Any CPU.Build.0 = Release|Any CPU
		{B1999B0C-9A65-4105-A3E3-A4DE641C0FD1}.Debug|Any CPU.ActiveCfg = Debug|Any CPU
		{B1999B0C-9A65-4105-A3E3-A4DE641C0FD1}.Debug|Any CPU.Build.0 = Debug|Any CPU
		{B1999B0C-9A65-4105-A3E3-A4DE641C0FD1}.Release|Any CPU.ActiveCfg = Release|Any CPU
		{B1999B0C-9A65-4105-A3E3-A4DE641C0FD1}.Release|Any CPU.Build.0 = Release|Any CPU
		{89D201BF-919B-4329-9397-8C7EA9B29ADF}.Debug|Any CPU.ActiveCfg = Debug|Any CPU
		{89D201BF-919B-4329-9397-8C7EA9B29ADF}.Debug|Any CPU.Build.0 = Debug|Any CPU
		{89D201BF-919B-4329-9397-8C7EA9B29ADF}.Release|Any CPU.ActiveCfg = Release|Any CPU
		{89D201BF-919B-4329-9397-8C7EA9B29ADF}.Release|Any CPU.Build.0 = Release|Any CPU
		{3FCE5AE8-AB2E-4C4A-B1C8-072DC4375364}.Debug|Any CPU.ActiveCfg = Debug|Any CPU
		{3FCE5AE8-AB2E-4C4A-B1C8-072DC4375364}.Debug|Any CPU.Build.0 = Debug|Any CPU
		{3FCE5AE8-AB2E-4C4A-B1C8-072DC4375364}.Release|Any CPU.ActiveCfg = Release|Any CPU
		{3FCE5AE8-AB2E-4C4A-B1C8-072DC4375364}.Release|Any CPU.Build.0 = Release|Any CPU
		{ABEAE7B8-A4EE-453D-A6EB-BF9C54867355}.Debug|Any CPU.ActiveCfg = Debug|Any CPU
		{ABEAE7B8-A4EE-453D-A6EB-BF9C54867355}.Debug|Any CPU.Build.0 = Debug|Any CPU
		{ABEAE7B8-A4EE-453D-A6EB-BF9C54867355}.Release|Any CPU.ActiveCfg = Release|Any CPU
		{ABEAE7B8-A4EE-453D-A6EB-BF9C54867355}.Release|Any CPU.Build.0 = Release|Any CPU
	EndGlobalSection
	GlobalSection(SolutionProperties) = preSolution
		HideSolutionNode = FALSE
	EndGlobalSection
	GlobalSection(ExtensibilityGlobals) = postSolution
		SolutionGuid = {D1B9D532-9C87-4200-82CF-0CA151EF2290}
	EndGlobalSection
EndGlobal
